
Microsoft Visual Studio Solution File, Format Version 12.00
# Visual Studio Version 17
VisualStudioVersion = 17.11.35327.3
MinimumVisualStudioVersion = 10.0.40219.1
Project("{FAE04EC0-301F-11D3-BF4B-00C04F79EFBC}") = "SuperShop", "SuperShop\SuperShop.csproj", "{916E6E12-92C8-43C6-8F4D-14B1E2F8E338}"
EndProject
Global
	GlobalSection(SolutionConfigurationPlatforms) = preSolution
		Debug|Any CPU = Debug|Any CPU
		Release|Any CPU = Release|Any CPU
	EndGlobalSection
	GlobalSection(ProjectConfigurationPlatforms) = postSolution
		{916E6E12-92C8-43C6-8F4D-14B1E2F8E338}.Debug|Any CPU.ActiveCfg = Debug|Any CPU
		{916E6E12-92C8-43C6-8F4D-14B1E2F8E338}.Debug|Any CPU.Build.0 = Debug|Any CPU
		{916E6E12-92C8-43C6-8F4D-14B1E2F8E338}.Release|Any CPU.ActiveCfg = Release|Any CPU
		{916E6E12-92C8-43C6-8F4D-14B1E2F8E338}.Release|Any CPU.Build.0 = Release|Any CPU
	EndGlobalSection
	GlobalSection(SolutionProperties) = preSolution
		HideSolutionNode = FALSE
	EndGlobalSection
	GlobalSection(ExtensibilityGlobals) = postSolution
		SolutionGuid = {A92801AE-0B4E-4FDC-8891-3AC80B7AEEB5}
	EndGlobalSection
EndGlobal
